
Microsoft Visual Studio Solution File, Format Version 12.00
# Visual Studio Version 17
VisualStudioVersion = 17.0.31903.59
MinimumVisualStudioVersion = 10.0.40219.1
Project("{2150E333-8FDC-42A3-9474-1A3956D46DE8}") = "src", "src", "{792A1B6A-1F6B-4CDF-8482-ACF61B23E066}"
EndProject
Project("{FAE04EC0-301F-11D3-BF4B-00C04F79EFBC}") = "PokemonSharp.Game", "src\PokemonSharp.Game\PokemonSharp.Game.csproj", "{D525F690-29FC-4526-A9FF-1D50D5040B10}"
EndProject
Project("{FAE04EC0-301F-11D3-BF4B-00C04F79EFBC}") = "PokemonSharp.Domain", "src\PokemonSharp.Domain\PokemonSharp.Domain.csproj", "{A0B34602-B60F-489D-855D-821BF04E071E}"
EndProject
Global
	GlobalSection(SolutionConfigurationPlatforms) = preSolution
		Debug|Any CPU = Debug|Any CPU
		Release|Any CPU = Release|Any CPU
	EndGlobalSection
	GlobalSection(ProjectConfigurationPlatforms) = postSolution
		{D525F690-29FC-4526-A9FF-1D50D5040B10}.Debug|Any CPU.ActiveCfg = Debug|Any CPU
		{D525F690-29FC-4526-A9FF-1D50D5040B10}.Debug|Any CPU.Build.0 = Debug|Any CPU
		{D525F690-29FC-4526-A9FF-1D50D5040B10}.Release|Any CPU.ActiveCfg = Release|Any CPU
		{D525F690-29FC-4526-A9FF-1D50D5040B10}.Release|Any CPU.Build.0 = Release|Any CPU
		{A0B34602-B60F-489D-855D-821BF04E071E}.Debug|Any CPU.ActiveCfg = Debug|Any CPU
		{A0B34602-B60F-489D-855D-821BF04E071E}.Debug|Any CPU.Build.0 = Debug|Any CPU
		{A0B34602-B60F-489D-855D-821BF04E071E}.Release|Any CPU.ActiveCfg = Release|Any CPU
		{A0B34602-B60F-489D-855D-821BF04E071E}.Release|Any CPU.Build.0 = Release|Any CPU
	EndGlobalSection
	GlobalSection(SolutionProperties) = preSolution
		HideSolutionNode = FALSE
	EndGlobalSection
	GlobalSection(NestedProjects) = preSolution
		{D525F690-29FC-4526-A9FF-1D50D5040B10} = {792A1B6A-1F6B-4CDF-8482-ACF61B23E066}
		{A0B34602-B60F-489D-855D-821BF04E071E} = {792A1B6A-1F6B-4CDF-8482-ACF61B23E066}
	EndGlobalSection
EndGlobal
